
Microsoft Visual Studio Solution File, Format Version 11.00
# Visual Studio 2010
Project("{FAE04EC0-301F-11D3-BF4B-00C04F79EFBC}") = "Space warfare", "Assembly-CSharp.csproj", "{A313EBC2-30DB-8602-26F3-12C5E8E826DA}"
EndProject
Project("{FAE04EC0-301F-11D3-BF4B-00C04F79EFBC}") = "Space warfare", "Assembly-CSharp-Editor.csproj", "{CE0E4C18-7F11-FE60-7E85-DCA1BF47D115}"
EndProject
Global
	GlobalSection(SolutionConfigurationPlatforms) = preSolution
		Debug|Any CPU = Debug|Any CPU
		Release|Any CPU = Release|Any CPU
	EndGlobalSection
	GlobalSection(ProjectConfigurationPlatforms) = postSolution
		{A313EBC2-30DB-8602-26F3-12C5E8E826DA}.Debug|Any CPU.ActiveCfg = Debug|Any CPU
		{A313EBC2-30DB-8602-26F3-12C5E8E826DA}.Debug|Any CPU.Build.0 = Debug|Any CPU
		{A313EBC2-30DB-8602-26F3-12C5E8E826DA}.Release|Any CPU.ActiveCfg = Release|Any CPU
		{A313EBC2-30DB-8602-26F3-12C5E8E826DA}.Release|Any CPU.Build.0 = Release|Any CPU
		{CE0E4C18-7F11-FE60-7E85-DCA1BF47D115}.Debug|Any CPU.ActiveCfg = Debug|Any CPU
		{CE0E4C18-7F11-FE60-7E85-DCA1BF47D115}.Debug|Any CPU.Build.0 = Debug|Any CPU
		{CE0E4C18-7F11-FE60-7E85-DCA1BF47D115}.Release|Any CPU.ActiveCfg = Release|Any CPU
		{CE0E4C18-7F11-FE60-7E85-DCA1BF47D115}.Release|Any CPU.Build.0 = Release|Any CPU
	EndGlobalSection
	GlobalSection(SolutionProperties) = preSolution
		HideSolutionNode = FALSE
	EndGlobalSection
	GlobalSection(MonoDevelopProperties) = preSolution
		StartupItem = Assembly-CSharp.csproj
	EndGlobalSection
EndGlobal
